<Solution>
  <Project Path="D:/Andalusia FullStack/Youssef_Waleed_Assignments/Assignment 1/Assignment 1.csproj" Id="d5e88baf-cbb1-4a46-b02b-5370b5c66408" />
  <Project Path="D:/Andalusia FullStack/Youssef_Waleed_Assignments/Assignment_2/Assignment_2.csproj" Id="a01aa689-a3c3-4926-8e2f-9cc445c4fdbc" />
</Solution>
